<?xml version="1.0" encoding="UTF-8"?>
<CodeBlocks_project_file>
	<FileVersion major="1" minor="6"/>
	<Project>
		<Option title="SamplerV2"/>
		<Option makefile_is_custom="1"/>
		<Option compiler="gcc"/>
		<Option virtualFolders="CMake Files\;CMake Files\..\;CMake Files\..\..\;CMake Files\..\..\..\;CMake Files\..\..\..\..\;CMake Files\..\..\..\..\usr\;CMake Files\..\..\..\..\usr\local\;CMake Files\..\..\..\..\usr\local\lib\;CMake Files\..\..\..\..\usr\local\lib\cmake\;CMake Files\..\..\..\..\usr\local\lib\cmake\Poco\;"/>
		<Build>
			<Target title="all">
				<Option working_dir="/Users/friedemannstoffregen/CLionProjects/SamplerV2"/>
				<Option type="4"/>
				<MakeCommands>
					<Build command="/usr/bin/make -j8 -f &quot;/Users/friedemannstoffregen/CLionProjects/SamplerV2/Makefile&quot;  VERBOSE=1 all"/>
					<CompileFile command="/usr/bin/make -j8 -f &quot;/Users/friedemannstoffregen/CLionProjects/SamplerV2/Makefile&quot;  VERBOSE=1 &quot;$file&quot;"/>
					<Clean command="/usr/bin/make -j8 -f &quot;/Users/friedemannstoffregen/CLionProjects/SamplerV2/Makefile&quot;  VERBOSE=1 clean"/>
					<DistClean command="/usr/bin/make -j8 -f &quot;/Users/friedemannstoffregen/CLionProjects/SamplerV2/Makefile&quot;  VERBOSE=1 clean"/>
				</MakeCommands>
			</Target>
			<Target title="package">
				<Option working_dir="/Users/friedemannstoffregen/CLionProjects/SamplerV2"/>
				<Option type="4"/>
				<MakeCommands>
					<Build command="/usr/bin/make -j8 -f &quot;/Users/friedemannstoffregen/CLionProjects/SamplerV2/Makefile&quot;  VERBOSE=1 package"/>
					<CompileFile command="/usr/bin/make -j8 -f &quot;/Users/friedemannstoffregen/CLionProjects/SamplerV2/Makefile&quot;  VERBOSE=1 &quot;$file&quot;"/>
					<Clean command="/usr/bin/make -j8 -f &quot;/Users/friedemannstoffregen/CLionProjects/SamplerV2/Makefile&quot;  VERBOSE=1 clean"/>
					<DistClean command="/usr/bin/make -j8 -f &quot;/Users/friedemannstoffregen/CLionProjects/SamplerV2/Makefile&quot;  VERBOSE=1 clean"/>
				</MakeCommands>
			</Target>
			<Target title="iosetup">
				<Option output="/Users/friedemannstoffregen/CLionProjects/SamplerV2/iosetup" prefix_auto="0" extension_auto="0"/>
				<Option working_dir="/Users/friedemannstoffregen/CLionProjects/SamplerV2"/>
				<Option object_output="./"/>
				<Option type="1"/>
				<Option compiler="gcc"/>
				<Compiler>
					<Add directory="/Applications/Xcode.app/Contents/Developer/Toolchains/XcodeDefault.xctoolchain/usr/bin/../include/c++/v1"/>
					<Add directory="/usr/local/include"/>
					<Add directory="/Applications/Xcode.app/Contents/Developer/Toolchains/XcodeDefault.xctoolchain/usr/bin/../lib/clang/8.1.0/include"/>
					<Add directory="/Applications/Xcode.app/Contents/Developer/Toolchains/XcodeDefault.xctoolchain/usr/include"/>
					<Add directory="/usr/include"/>
					<Add directory="/System/Library/Frameworks"/>
					<Add directory="/Library/Frameworks"/>
				</Compiler>
				<MakeCommands>
					<Build command="/usr/bin/make -j8 -f &quot;/Users/friedemannstoffregen/CLionProjects/SamplerV2/Makefile&quot;  VERBOSE=1 iosetup"/>
					<CompileFile command="/usr/bin/make -j8 -f &quot;/Users/friedemannstoffregen/CLionProjects/SamplerV2/Makefile&quot;  VERBOSE=1 &quot;$file&quot;"/>
					<Clean command="/usr/bin/make -j8 -f &quot;/Users/friedemannstoffregen/CLionProjects/SamplerV2/Makefile&quot;  VERBOSE=1 clean"/>
					<DistClean command="/usr/bin/make -j8 -f &quot;/Users/friedemannstoffregen/CLionProjects/SamplerV2/Makefile&quot;  VERBOSE=1 clean"/>
				</MakeCommands>
			</Target>
			<Target title="iosetup/fast">
				<Option output="/Users/friedemannstoffregen/CLionProjects/SamplerV2/iosetup" prefix_auto="0" extension_auto="0"/>
				<Option working_dir="/Users/friedemannstoffregen/CLionProjects/SamplerV2"/>
				<Option object_output="./"/>
				<Option type="1"/>
				<Option compiler="gcc"/>
				<Compiler>
					<Add directory="/Applications/Xcode.app/Contents/Developer/Toolchains/XcodeDefault.xctoolchain/usr/bin/../include/c++/v1"/>
					<Add directory="/usr/local/include"/>
					<Add directory="/Applications/Xcode.app/Contents/Developer/Toolchains/XcodeDefault.xctoolchain/usr/bin/../lib/clang/8.1.0/include"/>
					<Add directory="/Applications/Xcode.app/Contents/Developer/Toolchains/XcodeDefault.xctoolchain/usr/include"/>
					<Add directory="/usr/include"/>
					<Add directory="/System/Library/Frameworks"/>
					<Add directory="/Library/Frameworks"/>
				</Compiler>
				<MakeCommands>
					<Build command="/usr/bin/make -j8 -f &quot;/Users/friedemannstoffregen/CLionProjects/SamplerV2/Makefile&quot;  VERBOSE=1 iosetup/fast"/>
					<CompileFile command="/usr/bin/make -j8 -f &quot;/Users/friedemannstoffregen/CLionProjects/SamplerV2/Makefile&quot;  VERBOSE=1 &quot;$file&quot;"/>
					<Clean command="/usr/bin/make -j8 -f &quot;/Users/friedemannstoffregen/CLionProjects/SamplerV2/Makefile&quot;  VERBOSE=1 clean"/>
					<DistClean command="/usr/bin/make -j8 -f &quot;/Users/friedemannstoffregen/CLionProjects/SamplerV2/Makefile&quot;  VERBOSE=1 clean"/>
				</MakeCommands>
			</Target>
			<Target title="edit_cache">
				<Option working_dir="/Users/friedemannstoffregen/CLionProjects/SamplerV2"/>
				<Option type="4"/>
				<MakeCommands>
					<Build command="/usr/bin/make -j8 -f &quot;/Users/friedemannstoffregen/CLionProjects/SamplerV2/Makefile&quot;  VERBOSE=1 edit_cache"/>
					<CompileFile command="/usr/bin/make -j8 -f &quot;/Users/friedemannstoffregen/CLionProjects/SamplerV2/Makefile&quot;  VERBOSE=1 &quot;$file&quot;"/>
					<Clean command="/usr/bin/make -j8 -f &quot;/Users/friedemannstoffregen/CLionProjects/SamplerV2/Makefile&quot;  VERBOSE=1 clean"/>
					<DistClean command="/usr/bin/make -j8 -f &quot;/Users/friedemannstoffregen/CLionProjects/SamplerV2/Makefile&quot;  VERBOSE=1 clean"/>
				</MakeCommands>
			</Target>
			<Target title="rebuild_cache">
				<Option working_dir="/Users/friedemannstoffregen/CLionProjects/SamplerV2"/>
				<Option type="4"/>
				<MakeCommands>
					<Build command="/usr/bin/make -j8 -f &quot;/Users/friedemannstoffregen/CLionProjects/SamplerV2/Makefile&quot;  VERBOSE=1 rebuild_cache"/>
					<CompileFile command="/usr/bin/make -j8 -f &quot;/Users/friedemannstoffregen/CLionProjects/SamplerV2/Makefile&quot;  VERBOSE=1 &quot;$file&quot;"/>
					<Clean command="/usr/bin/make -j8 -f &quot;/Users/friedemannstoffregen/CLionProjects/SamplerV2/Makefile&quot;  VERBOSE=1 clean"/>
					<DistClean command="/usr/bin/make -j8 -f &quot;/Users/friedemannstoffregen/CLionProjects/SamplerV2/Makefile&quot;  VERBOSE=1 clean"/>
				</MakeCommands>
			</Target>
			<Target title="package_source">
				<Option working_dir="/Users/friedemannstoffregen/CLionProjects/SamplerV2"/>
				<Option type="4"/>
				<MakeCommands>
					<Build command="/usr/bin/make -j8 -f &quot;/Users/friedemannstoffregen/CLionProjects/SamplerV2/Makefile&quot;  VERBOSE=1 package_source"/>
					<CompileFile command="/usr/bin/make -j8 -f &quot;/Users/friedemannstoffregen/CLionProjects/SamplerV2/Makefile&quot;  VERBOSE=1 &quot;$file&quot;"/>
					<Clean command="/usr/bin/make -j8 -f &quot;/Users/friedemannstoffregen/CLionProjects/SamplerV2/Makefile&quot;  VERBOSE=1 clean"/>
					<DistClean command="/usr/bin/make -j8 -f &quot;/Users/friedemannstoffregen/CLionProjects/SamplerV2/Makefile&quot;  VERBOSE=1 clean"/>
				</MakeCommands>
			</Target>
			<Target title="iohandler">
				<Option output="/Users/friedemannstoffregen/CLionProjects/SamplerV2/iohandler" prefix_auto="0" extension_auto="0"/>
				<Option working_dir="/Users/friedemannstoffregen/CLionProjects/SamplerV2"/>
				<Option object_output="./"/>
				<Option type="1"/>
				<Option compiler="gcc"/>
				<Compiler>
					<Add directory="/Applications/Xcode.app/Contents/Developer/Toolchains/XcodeDefault.xctoolchain/usr/bin/../include/c++/v1"/>
					<Add directory="/usr/local/include"/>
					<Add directory="/Applications/Xcode.app/Contents/Developer/Toolchains/XcodeDefault.xctoolchain/usr/bin/../lib/clang/8.1.0/include"/>
					<Add directory="/Applications/Xcode.app/Contents/Developer/Toolchains/XcodeDefault.xctoolchain/usr/include"/>
					<Add directory="/usr/include"/>
					<Add directory="/System/Library/Frameworks"/>
					<Add directory="/Library/Frameworks"/>
				</Compiler>
				<MakeCommands>
					<Build command="/usr/bin/make -j8 -f &quot;/Users/friedemannstoffregen/CLionProjects/SamplerV2/Makefile&quot;  VERBOSE=1 iohandler"/>
					<CompileFile command="/usr/bin/make -j8 -f &quot;/Users/friedemannstoffregen/CLionProjects/SamplerV2/Makefile&quot;  VERBOSE=1 &quot;$file&quot;"/>
					<Clean command="/usr/bin/make -j8 -f &quot;/Users/friedemannstoffregen/CLionProjects/SamplerV2/Makefile&quot;  VERBOSE=1 clean"/>
					<DistClean command="/usr/bin/make -j8 -f &quot;/Users/friedemannstoffregen/CLionProjects/SamplerV2/Makefile&quot;  VERBOSE=1 clean"/>
				</MakeCommands>
			</Target>
			<Target title="iohandler/fast">
				<Option output="/Users/friedemannstoffregen/CLionProjects/SamplerV2/iohandler" prefix_auto="0" extension_auto="0"/>
				<Option working_dir="/Users/friedemannstoffregen/CLionProjects/SamplerV2"/>
				<Option object_output="./"/>
				<Option type="1"/>
				<Option compiler="gcc"/>
				<Compiler>
					<Add directory="/Applications/Xcode.app/Contents/Developer/Toolchains/XcodeDefault.xctoolchain/usr/bin/../include/c++/v1"/>
					<Add directory="/usr/local/include"/>
					<Add directory="/Applications/Xcode.app/Contents/Developer/Toolchains/XcodeDefault.xctoolchain/usr/bin/../lib/clang/8.1.0/include"/>
					<Add directory="/Applications/Xcode.app/Contents/Developer/Toolchains/XcodeDefault.xctoolchain/usr/include"/>
					<Add directory="/usr/include"/>
					<Add directory="/System/Library/Frameworks"/>
					<Add directory="/Library/Frameworks"/>
				</Compiler>
				<MakeCommands>
					<Build command="/usr/bin/make -j8 -f &quot;/Users/friedemannstoffregen/CLionProjects/SamplerV2/Makefile&quot;  VERBOSE=1 iohandler/fast"/>
					<CompileFile command="/usr/bin/make -j8 -f &quot;/Users/friedemannstoffregen/CLionProjects/SamplerV2/Makefile&quot;  VERBOSE=1 &quot;$file&quot;"/>
					<Clean command="/usr/bin/make -j8 -f &quot;/Users/friedemannstoffregen/CLionProjects/SamplerV2/Makefile&quot;  VERBOSE=1 clean"/>
					<DistClean command="/usr/bin/make -j8 -f &quot;/Users/friedemannstoffregen/CLionProjects/SamplerV2/Makefile&quot;  VERBOSE=1 clean"/>
				</MakeCommands>
			</Target>
		</Build>
		<Unit filename="/Users/friedemannstoffregen/CLionProjects/SamplerV2/IOHandler.cpp">
			<Option target="iohandler"/>
		</Unit>
		<Unit filename="/Users/friedemannstoffregen/CLionProjects/SamplerV2/IOSetup.cpp">
			<Option target="iosetup"/>
		</Unit>
		<Unit filename="/Users/friedemannstoffregen/CLionProjects/SamplerV2/libs/BBBio_lib/BBBiolib.c">
			<Option target="iohandler"/>
		</Unit>
		<Unit filename="/Users/friedemannstoffregen/CLionProjects/SamplerV2/libs/BBBio_lib/BBBiolib.h">
			<Option target="iohandler"/>
		</Unit>
		<Unit filename="/Users/friedemannstoffregen/CLionProjects/SamplerV2/libs/BBBio_lib/BBBiolib_ADCTSC.c">
			<Option target="iohandler"/>
		</Unit>
		<Unit filename="/Users/friedemannstoffregen/CLionProjects/SamplerV2/libs/BBBio_lib/BBBiolib_ADCTSC.h">
			<Option target="iohandler"/>
		</Unit>
		<Unit filename="/Users/friedemannstoffregen/CLionProjects/SamplerV2/libs/BBBio_lib/BBBiolib_McSPI.c">
			<Option target="iohandler"/>
		</Unit>
		<Unit filename="/Users/friedemannstoffregen/CLionProjects/SamplerV2/libs/BBBio_lib/BBBiolib_McSPI.h">
			<Option target="iohandler"/>
		</Unit>
		<Unit filename="/Users/friedemannstoffregen/CLionProjects/SamplerV2/libs/BBBio_lib/BBBiolib_PWMSS.c">
			<Option target="iohandler"/>
		</Unit>
		<Unit filename="/Users/friedemannstoffregen/CLionProjects/SamplerV2/libs/BBBio_lib/BBBiolib_PWMSS.h">
			<Option target="iohandler"/>
		</Unit>
		<Unit filename="/Users/friedemannstoffregen/CLionProjects/SamplerV2/libs/IOManager/Button.cpp">
			<Option target="iohandler"/>
		</Unit>
		<Unit filename="/Users/friedemannstoffregen/CLionProjects/SamplerV2/libs/IOManager/Button.h">
			<Option target="iohandler"/>
		</Unit>
		<Unit filename="/Users/friedemannstoffregen/CLionProjects/SamplerV2/libs/IOManager/IOManager.cpp">
			<Option target="iohandler"/>
		</Unit>
		<Unit filename="/Users/friedemannstoffregen/CLionProjects/SamplerV2/libs/IOManager/IOManager.h">
			<Option target="iohandler"/>
		</Unit>
		<Unit filename="/Users/friedemannstoffregen/CLionProjects/SamplerV2/libs/IOManager/InputDevice.cpp">
			<Option target="iohandler"/>
		</Unit>
		<Unit filename="/Users/friedemannstoffregen/CLionProjects/SamplerV2/libs/IOManager/InputDevice.h">
			<Option target="iohandler"/>
		</Unit>
		<Unit filename="/Users/friedemannstoffregen/CLionProjects/SamplerV2/libs/IOManager/RotaryEncoder.cpp">
			<Option target="iohandler"/>
		</Unit>
		<Unit filename="/Users/friedemannstoffregen/CLionProjects/SamplerV2/libs/IOManager/RotaryEncoder.h">
			<Option target="iohandler"/>
		</Unit>
		<Unit filename="/Users/friedemannstoffregen/CLionProjects/SamplerV2/libs/Util/JsonHelper.cpp">
			<Option target="iosetup"/>
			<Option target="iohandler"/>
		</Unit>
		<Unit filename="/Users/friedemannstoffregen/CLionProjects/SamplerV2/libs/Util/JsonHelper.h">
			<Option target="iosetup"/>
			<Option target="iohandler"/>
		</Unit>
		<Unit filename="/Users/friedemannstoffregen/CLionProjects/SamplerV2/CMakeLists.txt">
			<Option virtualFolder="CMake Files\"/>
		</Unit>
		<Unit filename="/Users/friedemannstoffregen/CLionProjects/SamplerV2/../../../../usr/local/lib/cmake/Poco/PocoConfigVersion.cmake">
			<Option virtualFolder="CMake Files\..\..\..\..\usr\local\lib\cmake\Poco\"/>
		</Unit>
		<Unit filename="/Users/friedemannstoffregen/CLionProjects/SamplerV2/../../../../usr/local/lib/cmake/Poco/PocoConfig.cmake">
			<Option virtualFolder="CMake Files\..\..\..\..\usr\local\lib\cmake\Poco\"/>
		</Unit>
		<Unit filename="/Users/friedemannstoffregen/CLionProjects/SamplerV2/../../../../usr/local/lib/cmake/Poco/PocoJSONConfigVersion.cmake">
			<Option virtualFolder="CMake Files\..\..\..\..\usr\local\lib\cmake\Poco\"/>
		</Unit>
		<Unit filename="/Users/friedemannstoffregen/CLionProjects/SamplerV2/../../../../usr/local/lib/cmake/Poco/PocoJSONConfig.cmake">
			<Option virtualFolder="CMake Files\..\..\..\..\usr\local\lib\cmake\Poco\"/>
		</Unit>
		<Unit filename="/Users/friedemannstoffregen/CLionProjects/SamplerV2/../../../../usr/local/lib/cmake/Poco/PocoFoundationConfigVersion.cmake">
			<Option virtualFolder="CMake Files\..\..\..\..\usr\local\lib\cmake\Poco\"/>
		</Unit>
		<Unit filename="/Users/friedemannstoffregen/CLionProjects/SamplerV2/../../../../usr/local/lib/cmake/Poco/PocoFoundationConfig.cmake">
			<Option virtualFolder="CMake Files\..\..\..\..\usr\local\lib\cmake\Poco\"/>
		</Unit>
		<Unit filename="/Users/friedemannstoffregen/CLionProjects/SamplerV2/../../../../usr/local/lib/cmake/Poco/PocoFoundationTargets.cmake">
			<Option virtualFolder="CMake Files\..\..\..\..\usr\local\lib\cmake\Poco\"/>
		</Unit>
		<Unit filename="/Users/friedemannstoffregen/CLionProjects/SamplerV2/../../../../usr/local/lib/cmake/Poco/PocoFoundationTargets-release.cmake">
			<Option virtualFolder="CMake Files\..\..\..\..\usr\local\lib\cmake\Poco\"/>
		</Unit>
		<Unit filename="/Users/friedemannstoffregen/CLionProjects/SamplerV2/../../../../usr/local/lib/cmake/Poco/PocoJSONTargets.cmake">
			<Option virtualFolder="CMake Files\..\..\..\..\usr\local\lib\cmake\Poco\"/>
		</Unit>
		<Unit filename="/Users/friedemannstoffregen/CLionProjects/SamplerV2/../../../../usr/local/lib/cmake/Poco/PocoJSONTargets-release.cmake">
			<Option virtualFolder="CMake Files\..\..\..\..\usr\local\lib\cmake\Poco\"/>
		</Unit>
	</Project>
</CodeBlocks_project_file>
